// !$*UTF8*$!
{
	archiveVersion = 1;
	classes = {
	};
	objectVersion = 50;
	objects = {

/* Begin PBXBuildFile section */
		04A382CB221ED32B00FF5BD3 /* AppDelegate.swift in Sources */ = {isa = PBXBuildFile; fileRef = 04A382CA221ED32B00FF5BD3 /* AppDelegate.swift */; };
		04A382CD221ED32B00FF5BD3 /* art.scnassets in Resources */ = {isa = PBXBuildFile; fileRef = 04A382CC221ED32B00FF5BD3 /* art.scnassets */; };
		04A382CF221ED32B00FF5BD3 /* ViewController.swift in Sources */ = {isa = PBXBuildFile; fileRef = 04A382CE221ED32B00FF5BD3 /* ViewController.swift */; };
		04A382D2221ED32B00FF5BD3 /* Main.storyboard in Resources */ = {isa = PBXBuildFile; fileRef = 04A382D0221ED32B00FF5BD3 /* Main.storyboard */; };
		04A382D4221ED32D00FF5BD3 /* Assets.xcassets in Resources */ = {isa = PBXBuildFile; fileRef = 04A382D3221ED32D00FF5BD3 /* Assets.xcassets */; };
		04A382D7221ED32D00FF5BD3 /* LaunchScreen.storyboard in Resources */ = {isa = PBXBuildFile; fileRef = 04A382D5221ED32D00FF5BD3 /* LaunchScreen.storyboard */; };
		04A382E2221ED32D00FF5BD3 /* ARKitSampleTests.swift in Sources */ = {isa = PBXBuildFile; fileRef = 04A382E1221ED32D00FF5BD3 /* ARKitSampleTests.swift */; };
		04A382ED221ED32D00FF5BD3 /* ARKitSampleUITests.swift in Sources */ = {isa = PBXBuildFile; fileRef = 04A382EC221ED32D00FF5BD3 /* ARKitSampleUITests.swift */; };
/* End PBXBuildFile section */

/* Begin PBXContainerItemProxy section */
		04A382DE221ED32D00FF5BD3 /* PBXContainerItemProxy */ = {
			isa = PBXContainerItemProxy;
			containerPortal = 04A382BF221ED32B00FF5BD3 /* Project object */;
			proxyType = 1;
			remoteGlobalIDString = 04A382C6221ED32B00FF5BD3;
			remoteInfo = ARKitSample;
		};
		04A382E9221ED32D00FF5BD3 /* PBXContainerItemProxy */ = {
			isa = PBXContainerItemProxy;
			containerPortal = 04A382BF221ED32B00FF5BD3 /* Project object */;
			proxyType = 1;
			remoteGlobalIDString = 04A382C6221ED32B00FF5BD3;
			remoteInfo = ARKitSample;
		};
/* End PBXContainerItemProxy section */

/* Begin PBXFileReference section */
		04A382C7221ED32B00FF5BD3 /* ARKitSample.app */ = {isa = PBXFileReference; explicitFileType = wrapper.application; includeInIndex = 0; path = ARKitSample.app; sourceTree = BUILT_PRODUCTS_DIR; };
		04A382CA221ED32B00FF5BD3 /* AppDelegate.swift */ = {isa = PBXFileReference; lastKnownFileType = sourcecode.swift; path = AppDelegate.swift; sourceTree = "<group>"; };
		04A382CC221ED32B00FF5BD3 /* art.scnassets */ = {isa = PBXFileReference; lastKnownFileType = wrapper.scnassets; path = art.scnassets; sourceTree = "<group>"; };
		04A382CE221ED32B00FF5BD3 /* ViewController.swift */ = {isa = PBXFileReference; lastKnownFileType = sourcecode.swift; path = ViewController.swift; sourceTree = "<group>"; };
		04A382D1221ED32B00FF5BD3 /* Base */ = {isa = PBXFileReference; lastKnownFileType = file.storyboard; name = Base; path = Base.lproj/Main.storyboard; sourceTree = "<group>"; };
		04A382D3221ED32D00FF5BD3 /* Assets.xcassets */ = {isa = PBXFileReference; lastKnownFileType = folder.assetcatalog; path = Assets.xcassets; sourceTree = "<group>"; };
		04A382D6221ED32D00FF5BD3 /* Base */ = {isa = PBXFileReference; lastKnownFileType = file.storyboard; name = Base; path = Base.lproj/LaunchScreen.storyboard; sourceTree = "<group>"; };
		04A382D8221ED32D00FF5BD3 /* Info.plist */ = {isa = PBXFileReference; lastKnownFileType = text.plist.xml; path = Info.plist; sourceTree = "<group>"; };
		04A382DD221ED32D00FF5BD3 /* ARKitSampleTests.xctest */ = {isa = PBXFileReference; explicitFileType = wrapper.cfbundle; includeInIndex = 0; path = ARKitSampleTests.xctest; sourceTree = BUILT_PRODUCTS_DIR; };
		04A382E1221ED32D00FF5BD3 /* ARKitSampleTests.swift */ = {isa = PBXFileReference; lastKnownFileType = sourcecode.swift; path = ARKitSampleTests.swift; sourceTree = "<group>"; };
		04A382E3221ED32D00FF5BD3 /* Info.plist */ = {isa = PBXFileReference; lastKnownFileType = text.plist.xml; path = Info.plist; sourceTree = "<group>"; };
		04A382E8221ED32D00FF5BD3 /* ARKitSampleUITests.xctest */ = {isa = PBXFileReference; explicitFileType = wrapper.cfbundle; includeInIndex = 0; path = ARKitSampleUITests.xctest; sourceTree = BUILT_PRODUCTS_DIR; };
		04A382EC221ED32D00FF5BD3 /* ARKitSampleUITests.swift */ = {isa = PBXFileReference; lastKnownFileType = sourcecode.swift; path = ARKitSampleUITests.swift; sourceTree = "<group>"; };
		04A382EE221ED32D00FF5BD3 /* Info.plist */ = {isa = PBXFileReference; lastKnownFileType = text.plist.xml; path = Info.plist; sourceTree = "<group>"; };
/* End PBXFileReference section */

/* Begin PBXFrameworksBuildPhase section */
		04A382C4221ED32B00FF5BD3 /* Frameworks */ = {
			isa = PBXFrameworksBuildPhase;
			buildActionMask = 2147483647;
			files = (
			);
			runOnlyForDeploymentPostprocessing = 0;
		};
		04A382DA221ED32D00FF5BD3 /* Frameworks */ = {
			isa = PBXFrameworksBuildPhase;
			buildActionMask = 2147483647;
			files = (
			);
			runOnlyForDeploymentPostprocessing = 0;
		};
		04A382E5221ED32D00FF5BD3 /* Frameworks */ = {
			isa = PBXFrameworksBuildPhase;
			buildActionMask = 2147483647;
			files = (
			);
			runOnlyForDeploymentPostprocessing = 0;
		};
/* End PBXFrameworksBuildPhase section */

/* Begin PBXGroup section */
		04A382BE221ED32B00FF5BD3 = {
			isa = PBXGroup;
			children = (
				04A382C9221ED32B00FF5BD3 /* ARKitSample */,
				04A382E0221ED32D00FF5BD3 /* ARKitSampleTests */,
				04A382EB221ED32D00FF5BD3 /* ARKitSampleUITests */,
				04A382C8221ED32B00FF5BD3 /* Products */,
			);
			sourceTree = "<group>";
		};
		04A382C8221ED32B00FF5BD3 /* Products */ = {
			isa = PBXGroup;
			children = (
				04A382C7221ED32B00FF5BD3 /* ARKitSample.app */,
				04A382DD221ED32D00FF5BD3 /* ARKitSampleTests.xctest */,
				04A382E8221ED32D00FF5BD3 /* ARKitSampleUITests.xctest */,
			);
			name = Products;
			sourceTree = "<group>";
		};
		04A382C9221ED32B00FF5BD3 /* ARKitSample */ = {
			isa = PBXGroup;
			children = (
				04A382CA221ED32B00FF5BD3 /* AppDelegate.swift */,
				04A382CC221ED32B00FF5BD3 /* art.scnassets */,
				04A382CE221ED32B00FF5BD3 /* ViewController.swift */,
				04A382D0221ED32B00FF5BD3 /* Main.storyboard */,
				04A382D3221ED32D00FF5BD3 /* Assets.xcassets */,
				04A382D5221ED32D00FF5BD3 /* LaunchScreen.storyboard */,
				04A382D8221ED32D00FF5BD3 /* Info.plist */,
			);
			path = ARKitSample;
			sourceTree = "<group>";
		};
		04A382E0221ED32D00FF5BD3 /* ARKitSampleTests */ = {
			isa = PBXGroup;
			children = (
				04A382E1221ED32D00FF5BD3 /* ARKitSampleTests.swift */,
				04A382E3221ED32D00FF5BD3 /* Info.plist */,
			);
			path = ARKitSampleTests;
			sourceTree = "<group>";
		};
		04A382EB221ED32D00FF5BD3 /* ARKitSampleUITests */ = {
			isa = PBXGroup;
			children = (
				04A382EC221ED32D00FF5BD3 /* ARKitSampleUITests.swift */,
				04A382EE221ED32D00FF5BD3 /* Info.plist */,
			);
			path = ARKitSampleUITests;
			sourceTree = "<group>";
		};
/* End PBXGroup section */

/* Begin PBXNativeTarget section */
		04A382C6221ED32B00FF5BD3 /* ARKitSample */ = {
			isa = PBXNativeTarget;
			buildConfigurationList = 04A382F1221ED32E00FF5BD3 /* Build configuration list for PBXNativeTarget "ARKitSample" */;
			buildPhases = (
				04A382C3221ED32B00FF5BD3 /* Sources */,
				04A382C4221ED32B00FF5BD3 /* Frameworks */,
				04A382C5221ED32B00FF5BD3 /* Resources */,
			);
			buildRules = (
			);
			dependencies = (
			);
			name = ARKitSample;
			productName = ARKitSample;
			productReference = 04A382C7221ED32B00FF5BD3 /* ARKitSample.app */;
			productType = "com.apple.product-type.application";
		};
		04A382DC221ED32D00FF5BD3 /* ARKitSampleTests */ = {
			isa = PBXNativeTarget;
			buildConfigurationList = 04A382F4221ED32E00FF5BD3 /* Build configuration list for PBXNativeTarget "ARKitSampleTests" */;
			buildPhases = (
				04A382D9221ED32D00FF5BD3 /* Sources */,
				04A382DA221ED32D00FF5BD3 /* Frameworks */,
				04A382DB221ED32D00FF5BD3 /* Resources */,
			);
			buildRules = (
			);
			dependencies = (
				04A382DF221ED32D00FF5BD3 /* PBXTargetDependency */,
			);
			name = ARKitSampleTests;
			productName = ARKitSampleTests;
			productReference = 04A382DD221ED32D00FF5BD3 /* ARKitSampleTests.xctest */;
			productType = "com.apple.product-type.bundle.unit-test";
		};
		04A382E7221ED32D00FF5BD3 /* ARKitSampleUITests */ = {
			isa = PBXNativeTarget;
			buildConfigurationList = 04A382F7221ED32E00FF5BD3 /* Build configuration list for PBXNativeTarget "ARKitSampleUITests" */;
			buildPhases = (
				04A382E4221ED32D00FF5BD3 /* Sources */,
				04A382E5221ED32D00FF5BD3 /* Frameworks */,
				04A382E6221ED32D00FF5BD3 /* Resources */,
			);
			buildRules = (
			);
			dependencies = (
				04A382EA221ED32D00FF5BD3 /* PBXTargetDependency */,
			);
			name = ARKitSampleUITests;
			productName = ARKitSampleUITests;
			productReference = 04A382E8221ED32D00FF5BD3 /* ARKitSampleUITests.xctest */;
			productType = "com.apple.product-type.bundle.ui-testing";
		};
/* End PBXNativeTarget section */

/* Begin PBXProject section */
		04A382BF221ED32B00FF5BD3 /* Project object */ = {
			isa = PBXProject;
			attributes = {
				LastSwiftUpdateCheck = 1010;
				LastUpgradeCheck = 1010;
				ORGANIZATIONNAME = "Junji Ooe";
				TargetAttributes = {
					04A382C6221ED32B00FF5BD3 = {
						CreatedOnToolsVersion = 10.1;
					};
					04A382DC221ED32D00FF5BD3 = {
						CreatedOnToolsVersion = 10.1;
						TestTargetID = 04A382C6221ED32B00FF5BD3;
					};
					04A382E7221ED32D00FF5BD3 = {
						CreatedOnToolsVersion = 10.1;
						TestTargetID = 04A382C6221ED32B00FF5BD3;
					};
				};
			};
			buildConfigurationList = 04A382C2221ED32B00FF5BD3 /* Build configuration list for PBXProject "ARKitSample" */;
			compatibilityVersion = "Xcode 9.3";
			developmentRegion = en;
			hasScannedForEncodings = 0;
			knownRegions = (
				en,
				Base,
			);
			mainGroup = 04A382BE221ED32B00FF5BD3;
			productRefGroup = 04A382C8221ED32B00FF5BD3 /* Products */;
			projectDirPath = "";
			projectRoot = "";
			targets = (
				04A382C6221ED32B00FF5BD3 /* ARKitSample */,
				04A382DC221ED32D00FF5BD3 /* ARKitSampleTests */,
				04A382E7221ED32D00FF5BD3 /* ARKitSampleUITests */,
			);
		};
/* End PBXProject section */

/* Begin PBXResourcesBuildPhase section */
		04A382C5221ED32B00FF5BD3 /* Resources */ = {
			isa = PBXResourcesBuildPhase;
			buildActionMask = 2147483647;
			files = (
				04A382CD221ED32B00FF5BD3 /* art.scnassets in Resources */,
				04A382D7221ED32D00FF5BD3 /* LaunchScreen.storyboard in Resources */,
				04A382D4221ED32D00FF5BD3 /* Assets.xcassets in Resources */,
				04A382D2221ED32B00FF5BD3 /* Main.storyboard in Resources */,
			);
			runOnlyForDeploymentPostprocessing = 0;
		};
		04A382DB221ED32D00FF5BD3 /* Resources */ = {
			isa = PBXResourcesBuildPhase;
			buildActionMask = 2147483647;
			files = (
			);
			runOnlyForDeploymentPostprocessing = 0;
		};
		04A382E6221ED32D00FF5BD3 /* Resources */ = {
			isa = PBXResourcesBuildPhase;
			buildActionMask = 2147483647;
			files = (
			);
			runOnlyForDeploymentPostprocessing = 0;
		};
/* End PBXResourcesBuildPhase section */

/* Begin PBXSourcesBuildPhase section */
		04A382C3221ED32B00FF5BD3 /* Sources */ = {
			isa = PBXSourcesBuildPhase;
			buildActionMask = 2147483647;
			files = (
				04A382CF221ED32B00FF5BD3 /* ViewController.swift in Sources */,
				04A382CB221ED32B00FF5BD3 /* AppDelegate.swift in Sources */,
			);
			runOnlyForDeploymentPostprocessing = 0;
		};
		04A382D9221ED32D00FF5BD3 /* Sources */ = {
			isa = PBXSourcesBuildPhase;
			buildActionMask = 2147483647;
			files = (
				04A382E2221ED32D00FF5BD3 /* ARKitSampleTests.swift in Sources */,
			);
			runOnlyForDeploymentPostprocessing = 0;
		};
		04A382E4221ED32D00FF5BD3 /* Sources */ = {
			isa = PBXSourcesBuildPhase;
			buildActionMask = 2147483647;
			files = (
				04A382ED221ED32D00FF5BD3 /* ARKitSampleUITests.swift in Sources */,
			);
			runOnlyForDeploymentPostprocessing = 0;
		};
/* End PBXSourcesBuildPhase section */

/* Begin PBXTargetDependency section */
		04A382DF221ED32D00FF5BD3 /* PBXTargetDependency */ = {
			isa = PBXTargetDependency;
			target = 04A382C6221ED32B00FF5BD3 /* ARKitSample */;
			targetProxy = 04A382DE221ED32D00FF5BD3 /* PBXContainerItemProxy */;
		};
		04A382EA221ED32D00FF5BD3 /* PBXTargetDependency */ = {
			isa = PBXTargetDependency;
			target = 04A382C6221ED32B00FF5BD3 /* ARKitSample */;
			targetProxy = 04A382E9221ED32D00FF5BD3 /* PBXContainerItemProxy */;
		};
/* End PBXTargetDependency section */

/* Begin PBXVariantGroup section */
		04A382D0221ED32B00FF5BD3 /* Main.storyboard */ = {
			isa = PBXVariantGroup;
			children = (
				04A382D1221ED32B00FF5BD3 /* Base */,
			);
			name = Main.storyboard;
			sourceTree = "<group>";
		};
		04A382D5221ED32D00FF5BD3 /* LaunchScreen.storyboard */ = {
			isa = PBXVariantGroup;
			children = (
				04A382D6221ED32D00FF5BD3 /* Base */,
			);
			name = LaunchScreen.storyboard;
			sourceTree = "<group>";
		};
/* End PBXVariantGroup section */

/* Begin XCBuildConfiguration section */
		04A382EF221ED32E00FF5BD3 /* Debug */ = {
			isa = XCBuildConfiguration;
			buildSettings = {
				ALWAYS_SEARCH_USER_PATHS = NO;
				CLANG_ANALYZER_NONNULL = YES;
				CLANG_ANALYZER_NUMBER_OBJECT_CONVERSION = YES_AGGRESSIVE;
				CLANG_CXX_LANGUAGE_STANDARD = "gnu++14";
				CLANG_CXX_LIBRARY = "libc++";
				CLANG_ENABLE_MODULES = YES;
				CLANG_ENABLE_OBJC_ARC = YES;
				CLANG_ENABLE_OBJC_WEAK = YES;
				CLANG_WARN_BLOCK_CAPTURE_AUTORELEASING = YES;
				CLANG_WARN_BOOL_CONVERSION = YES;
				CLANG_WARN_COMMA = YES;
				CLANG_WARN_CONSTANT_CONVERSION = YES;
				CLANG_WARN_DEPRECATED_OBJC_IMPLEMENTATIONS = YES;
				CLANG_WARN_DIRECT_OBJC_ISA_USAGE = YES_ERROR;
				CLANG_WARN_DOCUMENTATION_COMMENTS = YES;
				CLANG_WARN_EMPTY_BODY = YES;
				CLANG_WARN_ENUM_CONVERSION = YES;
				CLANG_WARN_INFINITE_RECURSION = YES;
				CLANG_WARN_INT_CONVERSION = YES;
				CLANG_WARN_NON_LITERAL_NULL_CONVERSION = YES;
				CLANG_WARN_OBJC_IMPLICIT_RETAIN_SELF = YES;
				CLANG_WARN_OBJC_LITERAL_CONVERSION = YES;
				CLANG_WARN_OBJC_ROOT_CLASS = YES_ERROR;
				CLANG_WARN_RANGE_LOOP_ANALYSIS = YES;
				CLANG_WARN_STRICT_PROTOTYPES = YES;
				CLANG_WARN_SUSPICIOUS_MOVE = YES;
				CLANG_WARN_UNGUARDED_AVAILABILITY = YES_AGGRESSIVE;
				CLANG_WARN_UNREACHABLE_CODE = YES;
				CLANG_WARN__DUPLICATE_METHOD_MATCH = YES;
				CODE_SIGN_IDENTITY = "iPhone Developer";
				COPY_PHASE_STRIP = NO;
				DEBUG_INFORMATION_FORMAT = dwarf;
				ENABLE_STRICT_OBJC_MSGSEND = YES;
				ENABLE_TESTABILITY = YES;
				GCC_C_LANGUAGE_STANDARD = gnu11;
				GCC_DYNAMIC_NO_PIC = NO;
				GCC_NO_COMMON_BLOCKS = YES;
				GCC_OPTIMIZATION_LEVEL = 0;
				GCC_PREPROCESSOR_DEFINITIONS = (
					"DEBUG=1",
					"$(inherited)",
				);
				GCC_WARN_64_TO_32_BIT_CONVERSION = YES;
				GCC_WARN_ABOUT_RETURN_TYPE = YES_ERROR;
				GCC_WARN_UNDECLARED_SELECTOR = YES;
				GCC_WARN_UNINITIALIZED_AUTOS = YES_AGGRESSIVE;
				GCC_WARN_UNUSED_FUNCTION = YES;
				GCC_WARN_UNUSED_VARIABLE = YES;
				IPHONEOS_DEPLOYMENT_TARGET = 12.1;
				MTL_ENABLE_DEBUG_INFO = INCLUDE_SOURCE;
				MTL_FAST_MATH = YES;
				ONLY_ACTIVE_ARCH = YES;
				SDKROOT = iphoneos;
				SWIFT_ACTIVE_COMPILATION_CONDITIONS = DEBUG;
				SWIFT_OPTIMIZATION_LEVEL = "-Onone";
			};
			name = Debug;
		};
		04A382F0221ED32E00FF5BD3 /* Release */ = {
			isa = XCBuildConfiguration;
			buildSettings = {
				ALWAYS_SEARCH_USER_PATHS = NO;
				CLANG_ANALYZER_NONNULL = YES;
				CLANG_ANALYZER_NUMBER_OBJECT_CONVERSION = YES_AGGRESSIVE;
				CLANG_CXX_LANGUAGE_STANDARD = "gnu++14";
				CLANG_CXX_LIBRARY = "libc++";
				CLANG_ENABLE_MODULES = YES;
				CLANG_ENABLE_OBJC_ARC = YES;
				CLANG_ENABLE_OBJC_WEAK = YES;
				CLANG_WARN_BLOCK_CAPTURE_AUTORELEASING = YES;
				CLANG_WARN_BOOL_CONVERSION = YES;
				CLANG_WARN_COMMA = YES;
				CLANG_WARN_CONSTANT_CONVERSION = YES;
				CLANG_WARN_DEPRECATED_OBJC_IMPLEMENTATIONS = YES;
				CLANG_WARN_DIRECT_OBJC_ISA_USAGE = YES_ERROR;
				CLANG_WARN_DOCUMENTATION_COMMENTS = YES;
				CLANG_WARN_EMPTY_BODY = YES;
				CLANG_WARN_ENUM_CONVERSION = YES;
				CLANG_WARN_INFINITE_RECURSION = YES;
				CLANG_WARN_INT_CONVERSION = YES;
				CLANG_WARN_NON_LITERAL_NULL_CONVERSION = YES;
				CLANG_WARN_OBJC_IMPLICIT_RETAIN_SELF = YES;
				CLANG_WARN_OBJC_LITERAL_CONVERSION = YES;
				CLANG_WARN_OBJC_ROOT_CLASS = YES_ERROR;
				CLANG_WARN_RANGE_LOOP_ANALYSIS = YES;
				CLANG_WARN_STRICT_PROTOTYPES = YES;
				CLANG_WARN_SUSPICIOUS_MOVE = YES;
				CLANG_WARN_UNGUARDED_AVAILABILITY = YES_AGGRESSIVE;
				CLANG_WARN_UNREACHABLE_CODE = YES;
				CLANG_WARN__DUPLICATE_METHOD_MATCH = YES;
				CODE_SIGN_IDENTITY = "iPhone Developer";
				COPY_PHASE_STRIP = NO;
				DEBUG_INFORMATION_FORMAT = "dwarf-with-dsym";
				ENABLE_NS_ASSERTIONS = NO;
				ENABLE_STRICT_OBJC_MSGSEND = YES;
				GCC_C_LANGUAGE_STANDARD = gnu11;
				GCC_NO_COMMON_BLOCKS = YES;
				GCC_WARN_64_TO_32_BIT_CONVERSION = YES;
				GCC_WARN_ABOUT_RETURN_TYPE = YES_ERROR;
				GCC_WARN_UNDECLARED_SELECTOR = YES;
				GCC_WARN_UNINITIALIZED_AUTOS = YES_AGGRESSIVE;
				GCC_WARN_UNUSED_FUNCTION = YES;
				GCC_WARN_UNUSED_VARIABLE = YES;
				IPHONEOS_DEPLOYMENT_TARGET = 12.1;
				MTL_ENABLE_DEBUG_INFO = NO;
				MTL_FAST_MATH = YES;
				SDKROOT = iphoneos;
				SWIFT_COMPILATION_MODE = wholemodule;
				SWIFT_OPTIMIZATION_LEVEL = "-O";
				VALIDATE_PRODUCT = YES;
			};
			name = Release;
		};
		04A382F2221ED32E00FF5BD3 /* Debug */ = {
			isa = XCBuildConfiguration;
			buildSettings = {
				ASSETCATALOG_COMPILER_APPICON_NAME = AppIcon;
				CODE_SIGN_STYLE = Automatic;
				INFOPLIST_FILE = ARKitSample/Info.plist;
				LD_RUNPATH_SEARCH_PATHS = (
					"$(inherited)",
					"@executable_path/Frameworks",
				);
				PRODUCT_BUNDLE_IDENTIFIER = hanson.ARKitSample;
				PRODUCT_NAME = "$(TARGET_NAME)";
				SWIFT_VERSION = 4.2;
				TARGETED_DEVICE_FAMILY = "1,2";
			};
			name = Debug;
		};
		04A382F3221ED32E00FF5BD3 /* Release */ = {
			isa = XCBuildConfiguration;
			buildSettings = {
				ASSETCATALOG_COMPILER_APPICON_NAME = AppIcon;
				CODE_SIGN_STYLE = Automatic;
				INFOPLIST_FILE = ARKitSample/Info.plist;
				LD_RUNPATH_SEARCH_PATHS = (
					"$(inherited)",
					"@executable_path/Frameworks",
				);
				PRODUCT_BUNDLE_IDENTIFIER = hanson.ARKitSample;
				PRODUCT_NAME = "$(TARGET_NAME)";
				SWIFT_VERSION = 4.2;
				TARGETED_DEVICE_FAMILY = "1,2";
			};
			name = Release;
		};
		04A382F5221ED32E00FF5BD3 /* Debug */ = {
			isa = XCBuildConfiguration;
			buildSettings = {
				ALWAYS_EMBED_SWIFT_STANDARD_LIBRARIES = YES;
				BUNDLE_LOADER = "$(TEST_HOST)";
				CODE_SIGN_STYLE = Automatic;
				INFOPLIST_FILE = ARKitSampleTests/Info.plist;
				LD_RUNPATH_SEARCH_PATHS = (
					"$(inherited)",
					"@executable_path/Frameworks",
					"@loader_path/Frameworks",
				);
				PRODUCT_BUNDLE_IDENTIFIER = hanson.ARKitSampleTests;
				PRODUCT_NAME = "$(TARGET_NAME)";
				SWIFT_VERSION = 4.2;
				TARGETED_DEVICE_FAMILY = "1,2";
				TEST_HOST = "$(BUILT_PRODUCTS_DIR)/ARKitSample.app/ARKitSample";
			};
			name = Debug;
		};
		04A382F6221ED32E00FF5BD3 /* Release */ = {
			isa = XCBuildConfiguration;
			buildSettings = {
				ALWAYS_EMBED_SWIFT_STANDARD_LIBRARIES = YES;
				BUNDLE_LOADER = "$(TEST_HOST)";
				CODE_SIGN_STYLE = Automatic;
				INFOPLIST_FILE = ARKitSampleTests/Info.plist;
				LD_RUNPATH_SEARCH_PATHS = (
					"$(inherited)",
					"@executable_path/Frameworks",
					"@loader_path/Frameworks",
				);
				PRODUCT_BUNDLE_IDENTIFIER = hanson.ARKitSampleTests;
				PRODUCT_NAME = "$(TARGET_NAME)";
				SWIFT_VERSION = 4.2;
				TARGETED_DEVICE_FAMILY = "1,2";
				TEST_HOST = "$(BUILT_PRODUCTS_DIR)/ARKitSample.app/ARKitSample";
			};
			name = Release;
		};
		04A382F8221ED32E00FF5BD3 /* Debug */ = {
			isa = XCBuildConfiguration;
			buildSettings = {
				ALWAYS_EMBED_SWIFT_STANDARD_LIBRARIES = YES;
				CODE_SIGN_STYLE = Automatic;
				INFOPLIST_FILE = ARKitSampleUITests/Info.plist;
				LD_RUNPATH_SEARCH_PATHS = (
					"$(inherited)",
					"@executable_path/Frameworks",
					"@loader_path/Frameworks",
				);
				PRODUCT_BUNDLE_IDENTIFIER = hanson.ARKitSampleUITests;
				PRODUCT_NAME = "$(TARGET_NAME)";
				SWIFT_VERSION = 4.2;
				TARGETED_DEVICE_FAMILY = "1,2";
				TEST_TARGET_NAME = ARKitSample;
			};
			name = Debug;
		};
		04A382F9221ED32E00FF5BD3 /* Release */ = {
			isa = XCBuildConfiguration;
			buildSettings = {
				ALWAYS_EMBED_SWIFT_STANDARD_LIBRARIES = YES;
				CODE_SIGN_STYLE = Automatic;
				INFOPLIST_FILE = ARKitSampleUITests/Info.plist;
				LD_RUNPATH_SEARCH_PATHS = (
					"$(inherited)",
					"@executable_path/Frameworks",
					"@loader_path/Frameworks",
				);
				PRODUCT_BUNDLE_IDENTIFIER = hanson.ARKitSampleUITests;
				PRODUCT_NAME = "$(TARGET_NAME)";
				SWIFT_VERSION = 4.2;
				TARGETED_DEVICE_FAMILY = "1,2";
				TEST_TARGET_NAME = ARKitSample;
			};
			name = Release;
		};
/* End XCBuildConfiguration section */

/* Begin XCConfigurationList section */
		04A382C2221ED32B00FF5BD3 /* Build configuration list for PBXProject "ARKitSample" */ = {
			isa = XCConfigurationList;
			buildConfigurations = (
				04A382EF221ED32E00FF5BD3 /* Debug */,
				04A382F0221ED32E00FF5BD3 /* Release */,
			);
			defaultConfigurationIsVisible = 0;
			defaultConfigurationName = Release;
		};
		04A382F1221ED32E00FF5BD3 /* Build configuration list for PBXNativeTarget "ARKitSample" */ = {
			isa = XCConfigurationList;
			buildConfigurations = (
				04A382F2221ED32E00FF5BD3 /* Debug */,
				04A382F3221ED32E00FF5BD3 /* Release */,
			);
			defaultConfigurationIsVisible = 0;
			defaultConfigurationName = Release;
		};
		04A382F4221ED32E00FF5BD3 /* Build configuration list for PBXNativeTarget "ARKitSampleTests" */ = {
			isa = XCConfigurationList;
			buildConfigurations = (
				04A382F5221ED32E00FF5BD3 /* Debug */,
				04A382F6221ED32E00FF5BD3 /* Release */,
			);
			defaultConfigurationIsVisible = 0;
			defaultConfigurationName = Release;
		};
		04A382F7221ED32E00FF5BD3 /* Build configuration list for PBXNativeTarget "ARKitSampleUITests" */ = {
			isa = XCConfigurationList;
			buildConfigurations = (
				04A382F8221ED32E00FF5BD3 /* Debug */,
				04A382F9221ED32E00FF5BD3 /* Release */,
			);
			defaultConfigurationIsVisible = 0;
			defaultConfigurationName = Release;
		};
/* End XCConfigurationList section */
	};
	rootObject = 04A382BF221ED32B00FF5BD3 /* Project object */;
}
